
Microsoft Visual Studio Solution File, Format Version 12.00
# Visual Studio Version 17
VisualStudioVersion = 17.2.32526.322
MinimumVisualStudioVersion = 10.0.40219.1
Project("{FAE04EC0-301F-11D3-BF4B-00C04F79EFBC}") = "Shoe", "Shoe\Shoe.csproj", "{34C8C468-CBE9-4ABD-9BD3-3FDA9ACD732F}"
EndProject
Global
	GlobalSection(SolutionConfigurationPlatforms) = preSolution
		Debug|Any CPU = Debug|Any CPU
		Release|Any CPU = Release|Any CPU
	EndGlobalSection
	GlobalSection(ProjectConfigurationPlatforms) = postSolution
		{34C8C468-CBE9-4ABD-9BD3-3FDA9ACD732F}.Debug|Any CPU.ActiveCfg = Debug|Any CPU
		{34C8C468-CBE9-4ABD-9BD3-3FDA9ACD732F}.Debug|Any CPU.Build.0 = Debug|Any CPU
		{34C8C468-CBE9-4ABD-9BD3-3FDA9ACD732F}.Release|Any CPU.ActiveCfg = Release|Any CPU
		{34C8C468-CBE9-4ABD-9BD3-3FDA9ACD732F}.Release|Any CPU.Build.0 = Release|Any CPU
	EndGlobalSection
	GlobalSection(SolutionProperties) = preSolution
		HideSolutionNode = FALSE
	EndGlobalSection
	GlobalSection(ExtensibilityGlobals) = postSolution
		SolutionGuid = {75A9B0F2-3EE3-472C-AAEA-8A2034E99D8B}
	EndGlobalSection
EndGlobal
